github.com/muhamadtauf/go-say-hello v1.0.0 h1:/KBoc98qlmYI5SlxIz00kf+IQ9GbEI5dYmaeTyWsRig=
github.com/muhamadtauf/go-say-hello v1.0.0/go.mod h1:hIZU+o6ZakFiLELpeWUUr1wKoQELRnrQ57GToZrxKR0=
github.com/muhamadtauf/go-say-hello v1.5.0 h1:G3oVK9PLMNFhCfiN4T/ABp7yPsK2I9KE1Si4wRjADR0=
github.com/muhamadtauf/go-say-hello v1.5.0/go.mod h1:hIZU+o6ZakFiLELpeWUUr1wKoQELRnrQ57GToZrxKR0=
